
Microsoft Visual Studio Solution File, Format Version 12.00
# Visual Studio 15
VisualStudioVersion = 15.0.26124.0
MinimumVisualStudioVersion = 15.0.26124.0
Project("{F2A71F9B-5D33-465A-A702-920D77279786}") = "FSLibrary", "FSLibrary\FSLibrary.fsproj", "{CD68B380-88E8-4AE6-A0D7-B5791FA03E87}"
EndProject
Project("{F2A71F9B-5D33-465A-A702-920D77279786}") = "FSTests", "FSTests\FSTests.fsproj", "{2E36E0FF-B2D4-48BB-B028-CFF87B91FB9D}"
EndProject
Project("{F2A71F9B-5D33-465A-A702-920D77279786}") = "FSGiraffe", "FSGiraffe\FSGiraffe.fsproj", "{AB6287FB-E960-4D2E-8741-18118672E3A0}"
EndProject
Global
	GlobalSection(SolutionConfigurationPlatforms) = preSolution
		Debug|Any CPU = Debug|Any CPU
		Debug|x64 = Debug|x64
		Debug|x86 = Debug|x86
		Release|Any CPU = Release|Any CPU
		Release|x64 = Release|x64
		Release|x86 = Release|x86
	EndGlobalSection
	GlobalSection(SolutionProperties) = preSolution
		HideSolutionNode = FALSE
	EndGlobalSection
	GlobalSection(ProjectConfigurationPlatforms) = postSolution
		{CD68B380-88E8-4AE6-A0D7-B5791FA03E87}.Debug|Any CPU.ActiveCfg = Debug|Any CPU
		{CD68B380-88E8-4AE6-A0D7-B5791FA03E87}.Debug|Any CPU.Build.0 = Debug|Any CPU
		{CD68B380-88E8-4AE6-A0D7-B5791FA03E87}.Debug|x64.ActiveCfg = Debug|x64
		{CD68B380-88E8-4AE6-A0D7-B5791FA03E87}.Debug|x64.Build.0 = Debug|x64
		{CD68B380-88E8-4AE6-A0D7-B5791FA03E87}.Debug|x86.ActiveCfg = Debug|x86
		{CD68B380-88E8-4AE6-A0D7-B5791FA03E87}.Debug|x86.Build.0 = Debug|x86
		{CD68B380-88E8-4AE6-A0D7-B5791FA03E87}.Release|Any CPU.ActiveCfg = Release|Any CPU
		{CD68B380-88E8-4AE6-A0D7-B5791FA03E87}.Release|Any CPU.Build.0 = Release|Any CPU
		{CD68B380-88E8-4AE6-A0D7-B5791FA03E87}.Release|x64.ActiveCfg = Release|x64
		{CD68B380-88E8-4AE6-A0D7-B5791FA03E87}.Release|x64.Build.0 = Release|x64
		{CD68B380-88E8-4AE6-A0D7-B5791FA03E87}.Release|x86.ActiveCfg = Release|x86
		{CD68B380-88E8-4AE6-A0D7-B5791FA03E87}.Release|x86.Build.0 = Release|x86
		{2E36E0FF-B2D4-48BB-B028-CFF87B91FB9D}.Debug|Any CPU.ActiveCfg = Debug|Any CPU
		{2E36E0FF-B2D4-48BB-B028-CFF87B91FB9D}.Debug|Any CPU.Build.0 = Debug|Any CPU
		{2E36E0FF-B2D4-48BB-B028-CFF87B91FB9D}.Debug|x64.ActiveCfg = Debug|x64
		{2E36E0FF-B2D4-48BB-B028-CFF87B91FB9D}.Debug|x64.Build.0 = Debug|x64
		{2E36E0FF-B2D4-48BB-B028-CFF87B91FB9D}.Debug|x86.ActiveCfg = Debug|x86
		{2E36E0FF-B2D4-48BB-B028-CFF87B91FB9D}.Debug|x86.Build.0 = Debug|x86
		{2E36E0FF-B2D4-48BB-B028-CFF87B91FB9D}.Release|Any CPU.ActiveCfg = Release|Any CPU
		{2E36E0FF-B2D4-48BB-B028-CFF87B91FB9D}.Release|Any CPU.Build.0 = Release|Any CPU
		{2E36E0FF-B2D4-48BB-B028-CFF87B91FB9D}.Release|x64.ActiveCfg = Release|x64
		{2E36E0FF-B2D4-48BB-B028-CFF87B91FB9D}.Release|x64.Build.0 = Release|x64
		{2E36E0FF-B2D4-48BB-B028-CFF87B91FB9D}.Release|x86.ActiveCfg = Release|x86
		{2E36E0FF-B2D4-48BB-B028-CFF87B91FB9D}.Release|x86.Build.0 = Release|x86
		{AB6287FB-E960-4D2E-8741-18118672E3A0}.Debug|Any CPU.ActiveCfg = Debug|Any CPU
		{AB6287FB-E960-4D2E-8741-18118672E3A0}.Debug|Any CPU.Build.0 = Debug|Any CPU
		{AB6287FB-E960-4D2E-8741-18118672E3A0}.Debug|x64.ActiveCfg = Debug|x64
		{AB6287FB-E960-4D2E-8741-18118672E3A0}.Debug|x64.Build.0 = Debug|x64
		{AB6287FB-E960-4D2E-8741-18118672E3A0}.Debug|x86.ActiveCfg = Debug|x86
		{AB6287FB-E960-4D2E-8741-18118672E3A0}.Debug|x86.Build.0 = Debug|x86
		{AB6287FB-E960-4D2E-8741-18118672E3A0}.Release|Any CPU.ActiveCfg = Release|Any CPU
		{AB6287FB-E960-4D2E-8741-18118672E3A0}.Release|Any CPU.Build.0 = Release|Any CPU
		{AB6287FB-E960-4D2E-8741-18118672E3A0}.Release|x64.ActiveCfg = Release|x64
		{AB6287FB-E960-4D2E-8741-18118672E3A0}.Release|x64.Build.0 = Release|x64
		{AB6287FB-E960-4D2E-8741-18118672E3A0}.Release|x86.ActiveCfg = Release|x86
		{AB6287FB-E960-4D2E-8741-18118672E3A0}.Release|x86.Build.0 = Release|x86
	EndGlobalSection
EndGlobal
